{
  "name": "ulearning-asia",
  "version": "1.0.0",
  "lockfileVersion": 3,
  "requires": true,
  "packages": {
    "": {
      "name": "ulearning-asia",
      "version": "1.0.0",
      "license": "ISC",
      "dependencies": {
        "@formatjs/icu-messageformat-parser": "^3.5.4"
      }
    },
    "node_modules/@formatjs/icu-messageformat-parser": {
      "version": "3.5.4",
      "resolved": "https://registry.npmmirror.com/@formatjs/icu-messageformat-parser/-/icu-messageformat-parser-3.5.4.tgz",
      "integrity": "sha512-JVY39ROgLt+pIYngo6piyj4OVfZmXs/2FkC4wLS+ql1Eig/sGJKB7YwDO/5bkJFkfwaFAeIpgEiJc8hiYxNalw==",
      "license": "MIT",
      "dependencies": {
        "@formatjs/icu-skeleton-parser": "2.1.4"
      }
    },
    "node_modules/@formatjs/icu-skeleton-parser": {
      "version": "2.1.4",
      "resolved": "https://registry.npmmirror.com/@formatjs/icu-skeleton-parser/-/icu-skeleton-parser-2.1.4.tgz",
      "integrity": "sha512-8bSFZbrlvGX11ywMZxtgkPBt5Q8/etyts7j7j+GWpOVK1g43zwMIH3LZxk43HAtEP7L/jtZ+OZaMiFTOiBj9CA==",
      "license": "MIT"
    }
  }
}
